PODS:
  - SDWebImage (5.13.3):
    - SDWebImage/Core (= 5.13.3)
  - SDWebImage/Core (5.13.3)

DEPENDENCIES:
  - SDWebImage (~> 5.0)

SPEC REPOS:
  trunk:
    - SDWebImage

SPEC CHECKSUMS:
  SDWebImage: af5bbffef2cde09f148d826f9733dcde1a9414cd

PODFILE CHECKSUM: cbd21b937cb6c250c5150f8768d98b88c16231cb

COCOAPODS: 1.11.3
